
Microsoft Visual Studio Solution File, Format Version 12.00
# Visual Studio 14
VisualStudioVersion = 14.0.25420.1
MinimumVisualStudioVersion = 10.0.40219.1
Project("{8BC9CEB8-8B4A-11D0-8D11-00A0C91BC942}") = "ConsoleFramework", "ConsoleFramework\ConsoleFramework.vcxproj", "{610E77D5-1AFC-480F-BD24-F2EE27CD4621}"
EndProject
Project("{8BC9CEB8-8B4A-11D0-8D11-00A0C91BC942}") = "Resources", "Resources\Resources.vcxproj", "{9C8198FF-EBCF-486E-B0FE-1D402B32FB13}"
EndProject
Project("{8BC9CEB8-8B4A-11D0-8D11-00A0C91BC942}") = "TestGame", "TestGame\TestGame.vcxproj", "{31F4CB00-632D-475F-882B-637ACAA52A47}"
	ProjectSection(ProjectDependencies) = postProject
		{610E77D5-1AFC-480F-BD24-F2EE27CD4621} = {610E77D5-1AFC-480F-BD24-F2EE27CD4621}
		{9C8198FF-EBCF-486E-B0FE-1D402B32FB13} = {9C8198FF-EBCF-486E-B0FE-1D402B32FB13}
	EndProjectSection
EndProject
Global
	GlobalSection(SolutionConfigurationPlatforms) = preSolution
		Debug|x64 = Debug|x64
		Debug|x86 = Debug|x86
		Release|x64 = Release|x64
		Release|x86 = Release|x86
	EndGlobalSection
	GlobalSection(ProjectConfigurationPlatforms) = postSolution
		{610E77D5-1AFC-480F-BD24-F2EE27CD4621}.Debug|x64.ActiveCfg = Debug|x64
		{610E77D5-1AFC-480F-BD24-F2EE27CD4621}.Debug|x64.Build.0 = Debug|x64
		{610E77D5-1AFC-480F-BD24-F2EE27CD4621}.Debug|x86.ActiveCfg = Debug|Win32
		{610E77D5-1AFC-480F-BD24-F2EE27CD4621}.Debug|x86.Build.0 = Debug|Win32
		{610E77D5-1AFC-480F-BD24-F2EE27CD4621}.Release|x64.ActiveCfg = Release|x64
		{610E77D5-1AFC-480F-BD24-F2EE27CD4621}.Release|x64.Build.0 = Release|x64
		{610E77D5-1AFC-480F-BD24-F2EE27CD4621}.Release|x86.ActiveCfg = Release|Win32
		{610E77D5-1AFC-480F-BD24-F2EE27CD4621}.Release|x86.Build.0 = Release|Win32
		{9C8198FF-EBCF-486E-B0FE-1D402B32FB13}.Debug|x64.ActiveCfg = Debug|x64
		{9C8198FF-EBCF-486E-B0FE-1D402B32FB13}.Debug|x64.Build.0 = Debug|x64
		{9C8198FF-EBCF-486E-B0FE-1D402B32FB13}.Debug|x86.ActiveCfg = Debug|Win32
		{9C8198FF-EBCF-486E-B0FE-1D402B32FB13}.Debug|x86.Build.0 = Debug|Win32
		{9C8198FF-EBCF-486E-B0FE-1D402B32FB13}.Release|x64.ActiveCfg = Release|x64
		{9C8198FF-EBCF-486E-B0FE-1D402B32FB13}.Release|x64.Build.0 = Release|x64
		{9C8198FF-EBCF-486E-B0FE-1D402B32FB13}.Release|x86.ActiveCfg = Release|Win32
		{9C8198FF-EBCF-486E-B0FE-1D402B32FB13}.Release|x86.Build.0 = Release|Win32
		{31F4CB00-632D-475F-882B-637ACAA52A47}.Debug|x64.ActiveCfg = Debug|x64
		{31F4CB00-632D-475F-882B-637ACAA52A47}.Debug|x64.Build.0 = Debug|x64
		{31F4CB00-632D-475F-882B-637ACAA52A47}.Debug|x86.ActiveCfg = Debug|Win32
		{31F4CB00-632D-475F-882B-637ACAA52A47}.Debug|x86.Build.0 = Debug|Win32
		{31F4CB00-632D-475F-882B-637ACAA52A47}.Release|x64.ActiveCfg = Release|x64
		{31F4CB00-632D-475F-882B-637ACAA52A47}.Release|x64.Build.0 = Release|x64
		{31F4CB00-632D-475F-882B-637ACAA52A47}.Release|x86.ActiveCfg = Release|Win32
		{31F4CB00-632D-475F-882B-637ACAA52A47}.Release|x86.Build.0 = Release|Win32
	EndGlobalSection
	GlobalSection(SolutionProperties) = preSolution
		HideSolutionNode = FALSE
	EndGlobalSection
EndGlobal
